{
  "name": "teg-parser-examples",
  "version": "0.0.1",
  "lockfileVersion": 2,
  "requires": true,
  "packages": {
    "": {
      "name": "teg-parser-examples",
      "version": "0.0.1",
      "license": "MIT",
      "dependencies": {
        "teg-parser": "file:.."
      }
    },
    "..": {
      "name": "teg-parser",
      "version": "0.13.0",
      "license": "MIT",
      "dependencies": {
        "lodash": "^4.17.21"
      },
      "devDependencies": {
        "@types/jest": "^27.5.0",
        "esbuild": "^0.15.13",
        "esbuild-jest": "^0.5.0",
        "jest": "^28.1.0",
        "tsx": "^3.11.0"
      }
    },
    "node_modules/teg-parser": {
      "resolved": "..",
      "link": true
    }
  },
  "dependencies": {
    "teg-parser": {
      "version": "file:..",
      "requires": {
        "@types/jest": "^27.5.0",
        "esbuild": "^0.15.13",
        "esbuild-jest": "^0.5.0",
        "jest": "^28.1.0",
        "lodash": "^4.17.21",
        "tsx": "^3.11.0"
      }
    }
  }
}
