{
	"name": "teg-examples",
	"lockfileVersion": 2,
	"requires": true,
	"packages": {
		"": {
			"name": "teg-examples",
			"dependencies": {
				"teg-parser": "0.10.0"
			}
		},
		"node_modules/teg-parser": {
			"version": "0.10.0",
			"resolved": "https://registry.npmjs.org/teg-parser/-/teg-parser-0.10.0.tgz",
			"integrity": "sha512-VAwJtxp068OwnRfAcaX9cub+nLKw3woeJWvGVcSgDLYvimQ2jKVQHxAEy8jXh3Z0Wke3DN/Ewbf40JDUFHQ1qQ=="
		}
	},
	"dependencies": {
		"teg-parser": {
			"version": "0.10.0",
			"resolved": "https://registry.npmjs.org/teg-parser/-/teg-parser-0.10.0.tgz",
			"integrity": "sha512-VAwJtxp068OwnRfAcaX9cub+nLKw3woeJWvGVcSgDLYvimQ2jKVQHxAEy8jXh3Z0Wke3DN/Ewbf40JDUFHQ1qQ=="
		}
	}
}
